
Microsoft Visual Studio Solution File, Format Version 12.00
# Visual Studio Version 16
VisualStudioVersion = 16.0.30320.27
MinimumVisualStudioVersion = 10.0.40219.1
Project("{9A19103F-16F7-4668-BE54-9A1E7A4F7556}") = "SimpleBinomialCalculator", "SimpleBinomialCalculator\SimpleBinomialCalculator.csproj", "{A83EA39E-924E-4A25-B47C-AAB488993EF5}"
EndProject
Global
	GlobalSection(SolutionConfigurationPlatforms) = preSolution
		Debug|Any CPU = Debug|Any CPU
		Release|Any CPU = Release|Any CPU
	EndGlobalSection
	GlobalSection(ProjectConfigurationPlatforms) = postSolution
		{A83EA39E-924E-4A25-B47C-AAB488993EF5}.Debug|Any CPU.ActiveCfg = Debug|Any CPU
		{A83EA39E-924E-4A25-B47C-AAB488993EF5}.Debug|Any CPU.Build.0 = Debug|Any CPU
		{A83EA39E-924E-4A25-B47C-AAB488993EF5}.Release|Any CPU.ActiveCfg = Release|Any CPU
		{A83EA39E-924E-4A25-B47C-AAB488993EF5}.Release|Any CPU.Build.0 = Release|Any CPU
	EndGlobalSection
	GlobalSection(SolutionProperties) = preSolution
		HideSolutionNode = FALSE
	EndGlobalSection
	GlobalSection(ExtensibilityGlobals) = postSolution
		SolutionGuid = {3CFBD2F8-AFF4-489C-A0AA-BC08E6B0CCA1}
	EndGlobalSection
EndGlobal
